
Microsoft Visual Studio Solution File, Format Version 12.00
# Visual Studio Version 17
VisualStudioVersion = 17.12.35728.132
MinimumVisualStudioVersion = 10.0.40219.1
Project("{FAE04EC0-301F-11D3-BF4B-00C04F79EFBC}") = "Hx.DictManagement", "Hx.DictManagement\Hx.DictManagement.csproj", "{B21E5C0C-BCD7-4A0C-A767-C1B09B3BE713}"
EndProject
Project("{FAE04EC0-301F-11D3-BF4B-00C04F79EFBC}") = "Hx.DictManagement.Domain", "Hx.DictManagement.Domain\Hx.DictManagement.Domain.csproj", "{9CC13A52-BE88-4F47-87A8-69F2C8913665}"
EndProject
Project("{FAE04EC0-301F-11D3-BF4B-00C04F79EFBC}") = "Hx.DictManagement.EntityFrameworkCore", "Hx.DictManagement.EntityFrameworkCore\Hx.DictManagement.EntityFrameworkCore.csproj", "{276B4FF0-4BC2-47FD-8D0C-C72CBFD5F6F6}"
EndProject
Project("{FAE04EC0-301F-11D3-BF4B-00C04F79EFBC}") = "Hx.DictManagement.Domain.Shared", "Hx.DictManagement.Domain.Shared\Hx.DictManagement.Domain.Shared.csproj", "{BD778EED-9F9C-45A1-AF3F-A5BB9A9FD0FE}"
EndProject
Project("{FAE04EC0-301F-11D3-BF4B-00C04F79EFBC}") = "Hx.DictManagement.Application.Contracts", "Hx.DictManagement.Application.Contracts\Hx.DictManagement.Application.Contracts.csproj", "{F6B4212C-058A-4741-96D7-8896FC639A34}"
EndProject
Project("{FAE04EC0-301F-11D3-BF4B-00C04F79EFBC}") = "Hx.DictManagement.Application", "Hx.DictManagement.Application\Hx.DictManagement.Application.csproj", "{F8147308-78FA-4553-90CA-6492774C0A15}"
EndProject
Global
	GlobalSection(SolutionConfigurationPlatforms) = preSolution
		Debug|Any CPU = Debug|Any CPU
		Release|Any CPU = Release|Any CPU
	EndGlobalSection
	GlobalSection(ProjectConfigurationPlatforms) = postSolution
		{B21E5C0C-BCD7-4A0C-A767-C1B09B3BE713}.Debug|Any CPU.ActiveCfg = Debug|Any CPU
		{B21E5C0C-BCD7-4A0C-A767-C1B09B3BE713}.Debug|Any CPU.Build.0 = Debug|Any CPU
		{B21E5C0C-BCD7-4A0C-A767-C1B09B3BE713}.Release|Any CPU.ActiveCfg = Release|Any CPU
		{B21E5C0C-BCD7-4A0C-A767-C1B09B3BE713}.Release|Any CPU.Build.0 = Release|Any CPU
		{9CC13A52-BE88-4F47-87A8-69F2C8913665}.Debug|Any CPU.ActiveCfg = Debug|Any CPU
		{9CC13A52-BE88-4F47-87A8-69F2C8913665}.Debug|Any CPU.Build.0 = Debug|Any CPU
		{9CC13A52-BE88-4F47-87A8-69F2C8913665}.Release|Any CPU.ActiveCfg = Release|Any CPU
		{9CC13A52-BE88-4F47-87A8-69F2C8913665}.Release|Any CPU.Build.0 = Release|Any CPU
		{276B4FF0-4BC2-47FD-8D0C-C72CBFD5F6F6}.Debug|Any CPU.ActiveCfg = Debug|Any CPU
		{276B4FF0-4BC2-47FD-8D0C-C72CBFD5F6F6}.Debug|Any CPU.Build.0 = Debug|Any CPU
		{276B4FF0-4BC2-47FD-8D0C-C72CBFD5F6F6}.Release|Any CPU.ActiveCfg = Release|Any CPU
		{276B4FF0-4BC2-47FD-8D0C-C72CBFD5F6F6}.Release|Any CPU.Build.0 = Release|Any CPU
		{BD778EED-9F9C-45A1-AF3F-A5BB9A9FD0FE}.Debug|Any CPU.ActiveCfg = Debug|Any CPU
		{BD778EED-9F9C-45A1-AF3F-A5BB9A9FD0FE}.Debug|Any CPU.Build.0 = Debug|Any CPU
		{BD778EED-9F9C-45A1-AF3F-A5BB9A9FD0FE}.Release|Any CPU.ActiveCfg = Release|Any CPU
		{BD778EED-9F9C-45A1-AF3F-A5BB9A9FD0FE}.Release|Any CPU.Build.0 = Release|Any CPU
		{F6B4212C-058A-4741-96D7-8896FC639A34}.Debug|Any CPU.ActiveCfg = Debug|Any CPU
		{F6B4212C-058A-4741-96D7-8896FC639A34}.Debug|Any CPU.Build.0 = Debug|Any CPU
		{F6B4212C-058A-4741-96D7-8896FC639A34}.Release|Any CPU.ActiveCfg = Release|Any CPU
		{F6B4212C-058A-4741-96D7-8896FC639A34}.Release|Any CPU.Build.0 = Release|Any CPU
		{F8147308-78FA-4553-90CA-6492774C0A15}.Debug|Any CPU.ActiveCfg = Debug|Any CPU
		{F8147308-78FA-4553-90CA-6492774C0A15}.Debug|Any CPU.Build.0 = Debug|Any CPU
		{F8147308-78FA-4553-90CA-6492774C0A15}.Release|Any CPU.ActiveCfg = Release|Any CPU
		{F8147308-78FA-4553-90CA-6492774C0A15}.Release|Any CPU.Build.0 = Release|Any CPU
	EndGlobalSection
	GlobalSection(SolutionProperties) = preSolution
		HideSolutionNode = FALSE
	EndGlobalSection
EndGlobal
